
Microsoft Visual Studio Solution File, Format Version 12.00
# Visual Studio 15
VisualStudioVersion = 15.0.26124.0
MinimumVisualStudioVersion = 15.0.26124.0
Project("{FAE04EC0-301F-11D3-BF4B-00C04F79EFBC}") = "API", "API\API.csproj", "{753D5A86-CF4D-4EA2-81CC-001A574C86D9}"
EndProject
Project("{2150E333-8FDC-42A3-9474-1A3956D46DE8}") = "Infrastructure", "Infrastructure", "{609677F0-793A-11EB-921E-49E1517D1C43}"
EndProject
Project("{2150E333-8FDC-42A3-9474-1A3956D46DE8}") = "Core", "Core", "{65DBCDA0-793A-11EB-921E-49E1517D1C43}"
EndProject
Project("{FAE04EC0-301F-11D3-BF4B-00C04F79EFBC}") = "Core.Domain", "Core.Domain\Core.Domain.csproj", "{89563FC4-F998-4FDC-B8E9-90287B2643F2}"
EndProject
Global
	GlobalSection(SolutionConfigurationPlatforms) = preSolution
		Debug|Any CPU = Debug|Any CPU
		Debug|x64 = Debug|x64
		Debug|x86 = Debug|x86
		Release|Any CPU = Release|Any CPU
		Release|x64 = Release|x64
		Release|x86 = Release|x86
	EndGlobalSection
	GlobalSection(SolutionProperties) = preSolution
		HideSolutionNode = FALSE
	EndGlobalSection
	GlobalSection(ProjectConfigurationPlatforms) = postSolution
		{753D5A86-CF4D-4EA2-81CC-001A574C86D9}.Debug|Any CPU.ActiveCfg = Debug|Any CPU
		{753D5A86-CF4D-4EA2-81CC-001A574C86D9}.Debug|Any CPU.Build.0 = Debug|Any CPU
		{753D5A86-CF4D-4EA2-81CC-001A574C86D9}.Debug|x64.ActiveCfg = Debug|Any CPU
		{753D5A86-CF4D-4EA2-81CC-001A574C86D9}.Debug|x64.Build.0 = Debug|Any CPU
		{753D5A86-CF4D-4EA2-81CC-001A574C86D9}.Debug|x86.ActiveCfg = Debug|Any CPU
		{753D5A86-CF4D-4EA2-81CC-001A574C86D9}.Debug|x86.Build.0 = Debug|Any CPU
		{753D5A86-CF4D-4EA2-81CC-001A574C86D9}.Release|Any CPU.ActiveCfg = Release|Any CPU
		{753D5A86-CF4D-4EA2-81CC-001A574C86D9}.Release|Any CPU.Build.0 = Release|Any CPU
		{753D5A86-CF4D-4EA2-81CC-001A574C86D9}.Release|x64.ActiveCfg = Release|Any CPU
		{753D5A86-CF4D-4EA2-81CC-001A574C86D9}.Release|x64.Build.0 = Release|Any CPU
		{753D5A86-CF4D-4EA2-81CC-001A574C86D9}.Release|x86.ActiveCfg = Release|Any CPU
		{753D5A86-CF4D-4EA2-81CC-001A574C86D9}.Release|x86.Build.0 = Release|Any CPU
		{89563FC4-F998-4FDC-B8E9-90287B2643F2}.Debug|Any CPU.ActiveCfg = Debug|Any CPU
		{89563FC4-F998-4FDC-B8E9-90287B2643F2}.Debug|Any CPU.Build.0 = Debug|Any CPU
		{89563FC4-F998-4FDC-B8E9-90287B2643F2}.Debug|x64.ActiveCfg = Debug|Any CPU
		{89563FC4-F998-4FDC-B8E9-90287B2643F2}.Debug|x64.Build.0 = Debug|Any CPU
		{89563FC4-F998-4FDC-B8E9-90287B2643F2}.Debug|x86.ActiveCfg = Debug|Any CPU
		{89563FC4-F998-4FDC-B8E9-90287B2643F2}.Debug|x86.Build.0 = Debug|Any CPU
		{89563FC4-F998-4FDC-B8E9-90287B2643F2}.Release|Any CPU.ActiveCfg = Release|Any CPU
		{89563FC4-F998-4FDC-B8E9-90287B2643F2}.Release|Any CPU.Build.0 = Release|Any CPU
		{89563FC4-F998-4FDC-B8E9-90287B2643F2}.Release|x64.ActiveCfg = Release|Any CPU
		{89563FC4-F998-4FDC-B8E9-90287B2643F2}.Release|x64.Build.0 = Release|Any CPU
		{89563FC4-F998-4FDC-B8E9-90287B2643F2}.Release|x86.ActiveCfg = Release|Any CPU
		{89563FC4-F998-4FDC-B8E9-90287B2643F2}.Release|x86.Build.0 = Release|Any CPU
	EndGlobalSection
	GlobalSection(NestedProjects) = preSolution
		{753D5A86-CF4D-4EA2-81CC-001A574C86D9} = {609677F0-793A-11EB-921E-49E1517D1C43}
		{89563FC4-F998-4FDC-B8E9-90287B2643F2} = {65DBCDA0-793A-11EB-921E-49E1517D1C43}
	EndGlobalSection
EndGlobal
